// !$*UTF8*$!
{
	archiveVersion = 1;
	classes = {
	};
	objectVersion = 46;
	objects = {

/* Begin PBXBuildFile section */
		40D0A375D2D3D4C0DC447B5D /* Pods_TweetGram.framework in Frameworks */ = {isa = PBXBuildFile; fileRef = FBE9F0F61CBE54AE1CC2A626 /* Pods_TweetGram.framework */; };
		629BD5241ED0BB2800C10600 /* TweetGramItem.swift in Sources */ = {isa = PBXBuildFile; fileRef = 629BD5221ED0BB2800C10600 /* TweetGramItem.swift */; };
		629BD5251ED0BB2800C10600 /* TweetGramItem.xib in Resources */ = {isa = PBXBuildFile; fileRef = 629BD5231ED0BB2800C10600 /* TweetGramItem.xib */; };
		62E0B49D1ECB3F3E003F022F /* AppDelegate.swift in Sources */ = {isa = PBXBuildFile; fileRef = 62E0B49C1ECB3F3E003F022F /* AppDelegate.swift */; };
		62E0B49F1ECB3F3E003F022F /* ViewController.swift in Sources */ = {isa = PBXBuildFile; fileRef = 62E0B49E1ECB3F3E003F022F /* ViewController.swift */; };
		62E0B4A41ECB3F3E003F022F /* Main.storyboard in Resources */ = {isa = PBXBuildFile; fileRef = 62E0B4A21ECB3F3E003F022F /* Main.storyboard */; };
/* End PBXBuildFile section */

/* Begin PBXFileReference section */
		15ADDFB64EBD491B52F320EB /* Pods-TweetGram.release.xcconfig */ = {isa = PBXFileReference; includeInIndex = 1; lastKnownFileType = text.xcconfig; name = "Pods-TweetGram.release.xcconfig"; path = "Pods/Target Support Files/Pods-TweetGram/Pods-TweetGram.release.xcconfig"; sourceTree = "<group>"; };
		629BD5221ED0BB2800C10600 /* TweetGramItem.swift */ = {isa = PBXFileReference; fileEncoding = 4; lastKnownFileType = sourcecode.swift; path = TweetGramItem.swift; sourceTree = "<group>"; };
		629BD5231ED0BB2800C10600 /* TweetGramItem.xib */ = {isa = PBXFileReference; fileEncoding = 4; lastKnownFileType = file.xib; path = TweetGramItem.xib; sourceTree = "<group>"; };
		62E0B4991ECB3F3E003F022F /* TweetGram.app */ = {isa = PBXFileReference; explicitFileType = wrapper.application; includeInIndex = 0; path = TweetGram.app; sourceTree = BUILT_PRODUCTS_DIR; };
		62E0B49C1ECB3F3E003F022F /* AppDelegate.swift */ = {isa = PBXFileReference; lastKnownFileType = sourcecode.swift; path = AppDelegate.swift; sourceTree = "<group>"; };
		62E0B49E1ECB3F3E003F022F /* ViewController.swift */ = {isa = PBXFileReference; lastKnownFileType = sourcecode.swift; path = ViewController.swift; sourceTree = "<group>"; };
		62E0B4A31ECB3F3E003F022F /* Base */ = {isa = PBXFileReference; lastKnownFileType = file.storyboard; name = Base; path = Base.lproj/Main.storyboard; sourceTree = "<group>"; };
		62E0B4A51ECB3F3E003F022F /* Info.plist */ = {isa = PBXFileReference; lastKnownFileType = text.plist.xml; path = Info.plist; sourceTree = "<group>"; };
		99B2FD6220E663782EA37D4F /* Pods-TweetGram.debug.xcconfig */ = {isa = PBXFileReference; includeInIndex = 1; lastKnownFileType = text.xcconfig; name = "Pods-TweetGram.debug.xcconfig"; path = "Pods/Target Support Files/Pods-TweetGram/Pods-TweetGram.debug.xcconfig"; sourceTree = "<group>"; };
		FBE9F0F61CBE54AE1CC2A626 /* Pods_TweetGram.framework */ = {isa = PBXFileReference; explicitFileType = wrapper.framework; includeInIndex = 0; path = Pods_TweetGram.framework; sourceTree = BUILT_PRODUCTS_DIR; };
/* End PBXFileReference section */

/* Begin PBXFrameworksBuildPhase section */
		62E0B4961ECB3F3E003F022F /* Frameworks */ = {
			isa = PBXFrameworksBuildPhase;
			buildActionMask = 2147483647;
			files = (
				40D0A375D2D3D4C0DC447B5D /* Pods_TweetGram.framework in Frameworks */,
			);
			runOnlyForDeploymentPostprocessing = 0;
		};
/* End PBXFrameworksBuildPhase section */

/* Begin PBXGroup section */
		1535EAD867DC4B6B9C272249 /* Pods */ = {
			isa = PBXGroup;
			children = (
				99B2FD6220E663782EA37D4F /* Pods-TweetGram.debug.xcconfig */,
				15ADDFB64EBD491B52F320EB /* Pods-TweetGram.release.xcconfig */,
			);
			name = Pods;
			sourceTree = "<group>";
		};
		2FA0D1BEF0504A8E131ABBC3 /* Frameworks */ = {
			isa = PBXGroup;
			children = (
				FBE9F0F61CBE54AE1CC2A626 /* Pods_TweetGram.framework */,
			);
			name = Frameworks;
			sourceTree = "<group>";
		};
		62E0B4901ECB3F3E003F022F = {
			isa = PBXGroup;
			children = (
				62E0B49B1ECB3F3E003F022F /* TweetGram */,
				62E0B49A1ECB3F3E003F022F /* Products */,
				1535EAD867DC4B6B9C272249 /* Pods */,
				2FA0D1BEF0504A8E131ABBC3 /* Frameworks */,
			);
			sourceTree = "<group>";
		};
		62E0B49A1ECB3F3E003F022F /* Products */ = {
			isa = PBXGroup;
			children = (
				62E0B4991ECB3F3E003F022F /* TweetGram.app */,
			);
			name = Products;
			sourceTree = "<group>";
		};
		62E0B49B1ECB3F3E003F022F /* TweetGram */ = {
			isa = PBXGroup;
			children = (
				62E0B49C1ECB3F3E003F022F /* AppDelegate.swift */,
				62E0B49E1ECB3F3E003F022F /* ViewController.swift */,
				629BD5221ED0BB2800C10600 /* TweetGramItem.swift */,
				629BD5231ED0BB2800C10600 /* TweetGramItem.xib */,
				62E0B4A21ECB3F3E003F022F /* Main.storyboard */,
				62E0B4A51ECB3F3E003F022F /* Info.plist */,
			);
			path = TweetGram;
			sourceTree = "<group>";
		};
/* End PBXGroup section */

/* Begin PBXNativeTarget section */
		62E0B4981ECB3F3E003F022F /* TweetGram */ = {
			isa = PBXNativeTarget;
			buildConfigurationList = 62E0B4A81ECB3F3E003F022F /* Build configuration list for PBXNativeTarget "TweetGram" */;
			buildPhases = (
				06BEAE4ACECF5B9256A5BBAD /* [CP] Check Pods Manifest.lock */,
				62E0B4951ECB3F3E003F022F /* Sources */,
				62E0B4961ECB3F3E003F022F /* Frameworks */,
				62E0B4971ECB3F3E003F022F /* Resources */,
				CBFF7F2B746F13792532D5C2 /* [CP] Embed Pods Frameworks */,
				121232ECB62FA0F3824C1903 /* [CP] Copy Pods Resources */,
			);
			buildRules = (
			);
			dependencies = (
			);
			name = TweetGram;
			productName = TweetGram;
			productReference = 62E0B4991ECB3F3E003F022F /* TweetGram.app */;
			productType = "com.apple.product-type.application";
		};
/* End PBXNativeTarget section */

/* Begin PBXProject section */
		62E0B4911ECB3F3E003F022F /* Project object */ = {
			isa = PBXProject;
			attributes = {
				LastSwiftUpdateCheck = 0830;
				LastUpgradeCheck = 0830;
				ORGANIZATIONNAME = "ALLAN E JONES";
				TargetAttributes = {
					62E0B4981ECB3F3E003F022F = {
						CreatedOnToolsVersion = 8.3.2;
						ProvisioningStyle = Automatic;
					};
				};
			};
			buildConfigurationList = 62E0B4941ECB3F3E003F022F /* Build configuration list for PBXProject "TweetGram" */;
			compatibilityVersion = "Xcode 3.2";
			developmentRegion = English;
			hasScannedForEncodings = 0;
			knownRegions = (
				en,
				Base,
			);
			mainGroup = 62E0B4901ECB3F3E003F022F;
			productRefGroup = 62E0B49A1ECB3F3E003F022F /* Products */;
			projectDirPath = "";
			projectRoot = "";
			targets = (
				62E0B4981ECB3F3E003F022F /* TweetGram */,
			);
		};
/* End PBXProject section */

/* Begin PBXResourcesBuildPhase section */
		62E0B4971ECB3F3E003F022F /* Resources */ = {
			isa = PBXResourcesBuildPhase;
			buildActionMask = 2147483647;
			files = (
				62E0B4A41ECB3F3E003F022F /* Main.storyboard in Resources */,
				629BD5251ED0BB2800C10600 /* TweetGramItem.xib in Resources */,
			);
			runOnlyForDeploymentPostprocessing = 0;
		};
/* End PBXResourcesBuildPhase section */

/* Begin PBXShellScriptBuildPhase section */
		06BEAE4ACECF5B9256A5BBAD /* [CP] Check Pods Manifest.lock */ = {
			isa = PBXShellScriptBuildPhase;
			buildActionMask = 2147483647;
			files = (
			);
			inputPaths = (
			);
			name = "[CP] Check Pods Manifest.lock";
			outputPaths = (
			);
			runOnlyForDeploymentPostprocessing = 0;
			shellPath = /bin/sh;
			shellScript = "diff \"${PODS_ROOT}/../Podfile.lock\" \"${PODS_ROOT}/Manifest.lock\" > /dev/null\nif [ $? != 0 ] ; then\n    # print error to STDERR\n    echo \"error: The sandbox is not in sync with the Podfile.lock. Run 'pod install' or update your CocoaPods installation.\" >&2\n    exit 1\nfi\n";
			showEnvVarsInLog = 0;
		};
		121232ECB62FA0F3824C1903 /* [CP] Copy Pods Resources */ = {
			isa = PBXShellScriptBuildPhase;
			buildActionMask = 2147483647;
			files = (
			);
			inputPaths = (
			);
			name = "[CP] Copy Pods Resources";
			outputPaths = (
			);
			runOnlyForDeploymentPostprocessing = 0;
			shellPath = /bin/sh;
			shellScript = "\"${SRCROOT}/Pods/Target Support Files/Pods-TweetGram/Pods-TweetGram-resources.sh\"\n";
			showEnvVarsInLog = 0;
		};
		CBFF7F2B746F13792532D5C2 /* [CP] Embed Pods Frameworks */ = {
			isa = PBXShellScriptBuildPhase;
			buildActionMask = 2147483647;
			files = (
			);
			inputPaths = (
			);
			name = "[CP] Embed Pods Frameworks";
			outputPaths = (
			);
			runOnlyForDeploymentPostprocessing = 0;
			shellPath = /bin/sh;
			shellScript = "\"${SRCROOT}/Pods/Target Support Files/Pods-TweetGram/Pods-TweetGram-frameworks.sh\"\n";
			showEnvVarsInLog = 0;
		};
/* End PBXShellScriptBuildPhase section */

/* Begin PBXSourcesBuildPhase section */
		62E0B4951ECB3F3E003F022F /* Sources */ = {
			isa = PBXSourcesBuildPhase;
			buildActionMask = 2147483647;
			files = (
				62E0B49F1ECB3F3E003F022F /* ViewController.swift in Sources */,
				62E0B49D1ECB3F3E003F022F /* AppDelegate.swift in Sources */,
				629BD5241ED0BB2800C10600 /* TweetGramItem.swift in Sources */,
			);
			runOnlyForDeploymentPostprocessing = 0;
		};
/* End PBXSourcesBuildPhase section */

/* Begin PBXVariantGroup section */
		62E0B4A21ECB3F3E003F022F /* Main.storyboard */ = {
			isa = PBXVariantGroup;
			children = (
				62E0B4A31ECB3F3E003F022F /* Base */,
			);
			name = Main.storyboard;
			sourceTree = "<group>";
		};
/* End PBXVariantGroup section */

/* Begin XCBuildConfiguration section */
		62E0B4A61ECB3F3E003F022F /* Debug */ = {
			isa = XCBuildConfiguration;
			buildSettings = {
				ALWAYS_SEARCH_USER_PATHS = NO;
				CLANG_ANALYZER_NONNULL = YES;
				CLANG_ANALYZER_NUMBER_OBJECT_CONVERSION = YES_AGGRESSIVE;
				CLANG_CXX_LANGUAGE_STANDARD = "gnu++0x";
				CLANG_CXX_LIBRARY = "libc++";
				CLANG_ENABLE_MODULES = YES;
				CLANG_ENABLE_OBJC_ARC = YES;
				CLANG_WARN_BOOL_CONVERSION = YES;
				CLANG_WARN_CONSTANT_CONVERSION = YES;
				CLANG_WARN_DIRECT_OBJC_ISA_USAGE = YES_ERROR;
				CLANG_WARN_DOCUMENTATION_COMMENTS = YES;
				CLANG_WARN_EMPTY_BODY = YES;
				CLANG_WARN_ENUM_CONVERSION = YES;
				CLANG_WARN_INFINITE_RECURSION = YES;
				CLANG_WARN_INT_CONVERSION = YES;
				CLANG_WARN_OBJC_ROOT_CLASS = YES_ERROR;
				CLANG_WARN_SUSPICIOUS_MOVE = YES;
				CLANG_WARN_UNREACHABLE_CODE = YES;
				CLANG_WARN__DUPLICATE_METHOD_MATCH = YES;
				CODE_SIGN_IDENTITY = "-";
				COPY_PHASE_STRIP = NO;
				DEBUG_INFORMATION_FORMAT = dwarf;
				ENABLE_STRICT_OBJC_MSGSEND = YES;
				ENABLE_TESTABILITY = YES;
				GCC_C_LANGUAGE_STANDARD = gnu99;
				GCC_DYNAMIC_NO_PIC = NO;
				GCC_NO_COMMON_BLOCKS = YES;
				GCC_OPTIMIZATION_LEVEL = 0;
				GCC_PREPROCESSOR_DEFINITIONS = (
					"DEBUG=1",
					"$(inherited)",
				);
				GCC_WARN_64_TO_32_BIT_CONVERSION = YES;
				GCC_WARN_ABOUT_RETURN_TYPE = YES_ERROR;
				GCC_WARN_UNDECLARED_SELECTOR = YES;
				GCC_WARN_UNINITIALIZED_AUTOS = YES_AGGRESSIVE;
				GCC_WARN_UNUSED_FUNCTION = YES;
				GCC_WARN_UNUSED_VARIABLE = YES;
				MACOSX_DEPLOYMENT_TARGET = 10.12;
				MTL_ENABLE_DEBUG_INFO = YES;
				ONLY_ACTIVE_ARCH = YES;
				SDKROOT = macosx;
				SWIFT_ACTIVE_COMPILATION_CONDITIONS = DEBUG;
				SWIFT_OPTIMIZATION_LEVEL = "-Onone";
			};
			name = Debug;
		};
		62E0B4A71ECB3F3E003F022F /* Release */ = {
			isa = XCBuildConfiguration;
			buildSettings = {
				ALWAYS_SEARCH_USER_PATHS = NO;
				CLANG_ANALYZER_NONNULL = YES;
				CLANG_ANALYZER_NUMBER_OBJECT_CONVERSION = YES_AGGRESSIVE;
				CLANG_CXX_LANGUAGE_STANDARD = "gnu++0x";
				CLANG_CXX_LIBRARY = "libc++";
				CLANG_ENABLE_MODULES = YES;
				CLANG_ENABLE_OBJC_ARC = YES;
				CLANG_WARN_BOOL_CONVERSION = YES;
				CLANG_WARN_CONSTANT_CONVERSION = YES;
				CLANG_WARN_DIRECT_OBJC_ISA_USAGE = YES_ERROR;
				CLANG_WARN_DOCUMENTATION_COMMENTS = YES;
				CLANG_WARN_EMPTY_BODY = YES;
				CLANG_WARN_ENUM_CONVERSION = YES;
				CLANG_WARN_INFINITE_RECURSION = YES;
				CLANG_WARN_INT_CONVERSION = YES;
				CLANG_WARN_OBJC_ROOT_CLASS = YES_ERROR;
				CLANG_WARN_SUSPICIOUS_MOVE = YES;
				CLANG_WARN_UNREACHABLE_CODE = YES;
				CLANG_WARN__DUPLICATE_METHOD_MATCH = YES;
				CODE_SIGN_IDENTITY = "-";
				COPY_PHASE_STRIP = NO;
				DEBUG_INFORMATION_FORMAT = "dwarf-with-dsym";
				ENABLE_NS_ASSERTIONS = NO;
				ENABLE_STRICT_OBJC_MSGSEND = YES;
				GCC_C_LANGUAGE_STANDARD = gnu99;
				GCC_NO_COMMON_BLOCKS = YES;
				GCC_WARN_64_TO_32_BIT_CONVERSION = YES;
				GCC_WARN_ABOUT_RETURN_TYPE = YES_ERROR;
				GCC_WARN_UNDECLARED_SELECTOR = YES;
				GCC_WARN_UNINITIALIZED_AUTOS = YES_AGGRESSIVE;
				GCC_WARN_UNUSED_FUNCTION = YES;
				GCC_WARN_UNUSED_VARIABLE = YES;
				MACOSX_DEPLOYMENT_TARGET = 10.12;
				MTL_ENABLE_DEBUG_INFO = NO;
				SDKROOT = macosx;
				SWIFT_OPTIMIZATION_LEVEL = "-Owholemodule";
			};
			name = Release;
		};
		62E0B4A91ECB3F3E003F022F /* Debug */ = {
			isa = XCBuildConfiguration;
			baseConfigurationReference = 99B2FD6220E663782EA37D4F /* Pods-TweetGram.debug.xcconfig */;
			buildSettings = {
				ASSETCATALOG_COMPILER_APPICON_NAME = AppIcon;
				COMBINE_HIDPI_IMAGES = YES;
				INFOPLIST_FILE = TweetGram/Info.plist;
				LD_RUNPATH_SEARCH_PATHS = "$(inherited) @executable_path/../Frameworks";
				PRODUCT_BUNDLE_IDENTIFIER = com.allanejones.TweetGram;
				PRODUCT_NAME = "$(TARGET_NAME)";
				SWIFT_VERSION = 3.0;
			};
			name = Debug;
		};
		62E0B4AA1ECB3F3E003F022F /* Release */ = {
			isa = XCBuildConfiguration;
			baseConfigurationReference = 15ADDFB64EBD491B52F320EB /* Pods-TweetGram.release.xcconfig */;
			buildSettings = {
				ASSETCATALOG_COMPILER_APPICON_NAME = AppIcon;
				COMBINE_HIDPI_IMAGES = YES;
				INFOPLIST_FILE = TweetGram/Info.plist;
				LD_RUNPATH_SEARCH_PATHS = "$(inherited) @executable_path/../Frameworks";
				PRODUCT_BUNDLE_IDENTIFIER = com.allanejones.TweetGram;
				PRODUCT_NAME = "$(TARGET_NAME)";
				SWIFT_VERSION = 3.0;
			};
			name = Release;
		};
/* End XCBuildConfiguration section */

/* Begin XCConfigurationList section */
		62E0B4941ECB3F3E003F022F /* Build configuration list for PBXProject "TweetGram" */ = {
			isa = XCConfigurationList;
			buildConfigurations = (
				62E0B4A61ECB3F3E003F022F /* Debug */,
				62E0B4A71ECB3F3E003F022F /* Release */,
			);
			defaultConfigurationIsVisible = 0;
			defaultConfigurationName = Release;
		};
		62E0B4A81ECB3F3E003F022F /* Build configuration list for PBXNativeTarget "TweetGram" */ = {
			isa = XCConfigurationList;
			buildConfigurations = (
				62E0B4A91ECB3F3E003F022F /* Debug */,
				62E0B4AA1ECB3F3E003F022F /* Release */,
			);
			defaultConfigurationIsVisible = 0;
			defaultConfigurationName = Release;
		};
/* End XCConfigurationList section */
	};
	rootObject = 62E0B4911ECB3F3E003F022F /* Project object */;
}
